
Microsoft Visual Studio Solution File, Format Version 12.00
# Visual Studio Version 17
VisualStudioVersion = 17.4.33213.308
MinimumVisualStudioVersion = 10.0.40219.1
Project("{FAE04EC0-301F-11D3-BF4B-00C04F79EFBC}") = "Csharp-introduction", "Csharp-introduction\Csharp-introduction.csproj", "{D1F79AE7-53CF-403A-ACC6-BB791F3A110F}"
EndProject
Global
	GlobalSection(SolutionConfigurationPlatforms) = preSolution
		Debug|Any CPU = Debug|Any CPU
		Release|Any CPU = Release|Any CPU
	EndGlobalSection
	GlobalSection(ProjectConfigurationPlatforms) = postSolution
		{D1F79AE7-53CF-403A-ACC6-BB791F3A110F}.Debug|Any CPU.ActiveCfg = Debug|Any CPU
		{D1F79AE7-53CF-403A-ACC6-BB791F3A110F}.Debug|Any CPU.Build.0 = Debug|Any CPU
		{D1F79AE7-53CF-403A-ACC6-BB791F3A110F}.Release|Any CPU.ActiveCfg = Release|Any CPU
		{D1F79AE7-53CF-403A-ACC6-BB791F3A110F}.Release|Any CPU.Build.0 = Release|Any CPU
	EndGlobalSection
	GlobalSection(SolutionProperties) = preSolution
		HideSolutionNode = FALSE
	EndGlobalSection
	GlobalSection(ExtensibilityGlobals) = postSolution
		SolutionGuid = {0E080EC1-E03D-40E9-BB3C-ECBBB506C5A2}
	EndGlobalSection
EndGlobal
